
Microsoft Visual Studio Solution File, Format Version 12.00
# Visual Studio Version 17
VisualStudioVersion = 17.13.36105.23 d17.13
MinimumVisualStudioVersion = 10.0.40219.1
Project("{FAE04EC0-301F-11D3-BF4B-00C04F79EFBC}") = "TextGame", "TextGame\TextGame.csproj", "{4EC9DDB9-9641-4D8E-91D0-6B6FBD4D24A5}"
EndProject
Global
	GlobalSection(SolutionConfigurationPlatforms) = preSolution
		Debug|Any CPU = Debug|Any CPU
		Release|Any CPU = Release|Any CPU
	EndGlobalSection
	GlobalSection(ProjectConfigurationPlatforms) = postSolution
		{4EC9DDB9-9641-4D8E-91D0-6B6FBD4D24A5}.Debug|Any CPU.ActiveCfg = Debug|Any CPU
		{4EC9DDB9-9641-4D8E-91D0-6B6FBD4D24A5}.Debug|Any CPU.Build.0 = Debug|Any CPU
		{4EC9DDB9-9641-4D8E-91D0-6B6FBD4D24A5}.Release|Any CPU.ActiveCfg = Release|Any CPU
		{4EC9DDB9-9641-4D8E-91D0-6B6FBD4D24A5}.Release|Any CPU.Build.0 = Release|Any CPU
	EndGlobalSection
	GlobalSection(SolutionProperties) = preSolution
		HideSolutionNode = FALSE
	EndGlobalSection
	GlobalSection(ExtensibilityGlobals) = postSolution
		SolutionGuid = {1906BFB4-8E2F-48E8-B311-51A85B932473}
	EndGlobalSection
EndGlobal
